
Microsoft Visual Studio Solution File, Format Version 12.00
# Visual Studio Version 17
VisualStudioVersion = 17.3.32819.101
MinimumVisualStudioVersion = 10.0.40219.1
Project("{FAE04EC0-301F-11D3-BF4B-00C04F79EFBC}") = "BitonicSortBurr", "Bitonic_Sort_Burr\BitonicSortBurr.csproj", "{074971DB-5EF7-451F-9C98-1629B51B83A6}"
EndProject
Global
	GlobalSection(SolutionConfigurationPlatforms) = preSolution
		Debug|Any CPU = Debug|Any CPU
		Release|Any CPU = Release|Any CPU
	EndGlobalSection
	GlobalSection(ProjectConfigurationPlatforms) = postSolution
		{074971DB-5EF7-451F-9C98-1629B51B83A6}.Debug|Any CPU.ActiveCfg = Debug|Any CPU
		{074971DB-5EF7-451F-9C98-1629B51B83A6}.Debug|Any CPU.Build.0 = Debug|Any CPU
		{074971DB-5EF7-451F-9C98-1629B51B83A6}.Release|Any CPU.ActiveCfg = Release|Any CPU
		{074971DB-5EF7-451F-9C98-1629B51B83A6}.Release|Any CPU.Build.0 = Release|Any CPU
	EndGlobalSection
	GlobalSection(SolutionProperties) = preSolution
		HideSolutionNode = FALSE
	EndGlobalSection
	GlobalSection(ExtensibilityGlobals) = postSolution
		SolutionGuid = {7FB544AF-F0B4-4070-9B5D-B1573726DAD1}
	EndGlobalSection
EndGlobal
